
Microsoft Visual Studio Solution File, Format Version 12.00
# Visual Studio Version 16
VisualStudioVersion = 16.0.30611.23
MinimumVisualStudioVersion = 10.0.40219.1
Project("{FAE04EC0-301F-11D3-BF4B-00C04F79EFBC}") = "IndTaskCinema", "IndTaskCinema\IndTaskCinema.csproj", "{13408E57-5C2F-42D6-A23B-D24E0C59665F}"
EndProject
Global
	GlobalSection(SolutionConfigurationPlatforms) = preSolution
		Debug|Any CPU = Debug|Any CPU
		Release|Any CPU = Release|Any CPU
	EndGlobalSection
	GlobalSection(ProjectConfigurationPlatforms) = postSolution
		{13408E57-5C2F-42D6-A23B-D24E0C59665F}.Debug|Any CPU.ActiveCfg = Debug|Any CPU
		{13408E57-5C2F-42D6-A23B-D24E0C59665F}.Debug|Any CPU.Build.0 = Debug|Any CPU
		{13408E57-5C2F-42D6-A23B-D24E0C59665F}.Release|Any CPU.ActiveCfg = Release|Any CPU
		{13408E57-5C2F-42D6-A23B-D24E0C59665F}.Release|Any CPU.Build.0 = Release|Any CPU
	EndGlobalSection
	GlobalSection(SolutionProperties) = preSolution
		HideSolutionNode = FALSE
	EndGlobalSection
	GlobalSection(ExtensibilityGlobals) = postSolution
		SolutionGuid = {748E014F-C274-45F3-ADDE-15AE4A144385}
	EndGlobalSection
EndGlobal
